
Microsoft Visual Studio Solution File, Format Version 12.00
# Visual Studio Version 16
VisualStudioVersion = 16.0.30711.63
MinimumVisualStudioVersion = 10.0.40219.1
Project("{9A19103F-16F7-4668-BE54-9A1E7A4F7556}") = "GameOfLife.Tests", "GameOfLife.Tests\GameOfLife.Tests.csproj", "{9BE85926-5319-4734-818C-15E3F2ACBC51}"
EndProject
Project("{9A19103F-16F7-4668-BE54-9A1E7A4F7556}") = "GameOfLife.Domain", "GameOfLife.Domain\GameOfLife.Domain.csproj", "{699EBEA8-A554-4C97-A859-2C0716954C42}"
EndProject
Project("{FAE04EC0-301F-11D3-BF4B-00C04F79EFBC}") = "GameOfLife.App", "GameOfLife.App\GameOfLife.App.csproj", "{076B24D0-0EC4-477F-9B18-6C5C87CF7046}"
EndProject
Global
	GlobalSection(SolutionConfigurationPlatforms) = preSolution
		Debug|Any CPU = Debug|Any CPU
		Release|Any CPU = Release|Any CPU
	EndGlobalSection
	GlobalSection(ProjectConfigurationPlatforms) = postSolution
		{9BE85926-5319-4734-818C-15E3F2ACBC51}.Debug|Any CPU.ActiveCfg = Debug|Any CPU
		{9BE85926-5319-4734-818C-15E3F2ACBC51}.Debug|Any CPU.Build.0 = Debug|Any CPU
		{9BE85926-5319-4734-818C-15E3F2ACBC51}.Release|Any CPU.ActiveCfg = Release|Any CPU
		{9BE85926-5319-4734-818C-15E3F2ACBC51}.Release|Any CPU.Build.0 = Release|Any CPU
		{699EBEA8-A554-4C97-A859-2C0716954C42}.Debug|Any CPU.ActiveCfg = Debug|Any CPU
		{699EBEA8-A554-4C97-A859-2C0716954C42}.Debug|Any CPU.Build.0 = Debug|Any CPU
		{699EBEA8-A554-4C97-A859-2C0716954C42}.Release|Any CPU.ActiveCfg = Release|Any CPU
		{699EBEA8-A554-4C97-A859-2C0716954C42}.Release|Any CPU.Build.0 = Release|Any CPU
		{076B24D0-0EC4-477F-9B18-6C5C87CF7046}.Debug|Any CPU.ActiveCfg = Debug|Any CPU
		{076B24D0-0EC4-477F-9B18-6C5C87CF7046}.Debug|Any CPU.Build.0 = Debug|Any CPU
		{076B24D0-0EC4-477F-9B18-6C5C87CF7046}.Release|Any CPU.ActiveCfg = Release|Any CPU
		{076B24D0-0EC4-477F-9B18-6C5C87CF7046}.Release|Any CPU.Build.0 = Release|Any CPU
	EndGlobalSection
	GlobalSection(SolutionProperties) = preSolution
		HideSolutionNode = FALSE
	EndGlobalSection
	GlobalSection(ExtensibilityGlobals) = postSolution
		SolutionGuid = {39C1AC53-8265-48EA-AC79-75E70C372C94}
	EndGlobalSection
EndGlobal
